{
  "version": 4,
  "terraform_version": "1.12.0",
  "serial": 136,
  "lineage": "0e714db8-adf3-cbe5-39cc-1e0019387762",
  "outputs": {
    "cloud_run_url": {
      "value": null,
      "type": "string"
    }
  },
  "resources": [
    {
      "mode": "data",
      "type": "google_client_openid_userinfo",
      "name": "current",
      "provider": "provider[\"registry.terraform.io/hashicorp/google\"]",
      "instances": [
        {
          "schema_version": 0,
          "attributes": {
            "email": "01161618@pw.edu.pl",
            "id": "01161618@pw.edu.pl"
          },
          "sensitive_attributes": [],
          "identity_schema_version": 0
        }
      ]
    },
    {
      "mode": "data",
      "type": "google_iam_policy",
      "name": "noauth",
      "provider": "provider[\"registry.terraform.io/hashicorp/google\"]",
      "instances": [
        {
          "schema_version": 0,
          "attributes": {
            "audit_config": null,
            "binding": [
              {
                "condition": [],
                "members": [
                  "allUsers"
                ],
                "role": "roles/run.invoker"
              }
            ],
            "id": "3450855414",
            "policy_data": "{\"bindings\":[{\"members\":[\"allUsers\"],\"role\":\"roles/run.invoker\"}]}"
          },
          "sensitive_attributes": [],
          "identity_schema_version": 0
        }
      ]
    },
    {
      "mode": "managed",
      "type": "google_artifact_registry_repository",
      "name": "main",
      "provider": "provider[\"registry.terraform.io/hashicorp/google\"]",
      "instances": [
        {
          "schema_version": 0,
          "attributes": {
            "cleanup_policies": [],
            "cleanup_policy_dry_run": false,
            "create_time": "2025-05-09T17:20:15.055952Z",
            "description": "",
            "docker_config": [],
            "effective_labels": {
              "goog-terraform-provisioned": "true"
            },
            "format": "DOCKER",
            "id": "projects/cc-project-456009/locations/europe-central2/repositories/django-app",
            "kms_key_name": "",
            "labels": {},
            "location": "europe-central2",
            "maven_config": [],
            "mode": "STANDARD_REPOSITORY",
            "name": "django-app",
            "project": "cc-project-456009",
            "remote_repository_config": [],
            "repository_id": "django-app",
            "terraform_labels": {
              "goog-terraform-provisioned": "true"
            },
            "timeouts": null,
            "update_time": "2025-05-20T08:12:32.731883Z",
            "virtual_repository_config": [],
            "vulnerability_scanning_config": [
              {
                "enablement_config": "",
                "enablement_state": "SCANNING_DISABLED",
                "enablement_state_reason": "API containerscanning.googleapis.com is not enabled."
              }
            ]
          },
          "sensitive_attributes": [],
          "identity_schema_version": 0,
          "private": "eyJlMmJmYjczMC1lY2FhLTExZTYtOGY4OC0zNDM2M2JjN2M0YzAiOnsiY3JlYXRlIjoxMjAwMDAwMDAwMDAwLCJkZWxldGUiOjEyMDAwMDAwMDAwMDAsInVwZGF0ZSI6MTIwMDAwMDAwMDAwMH19",
          "dependencies": [
            "google_project_service.required_services",
            "google_project_service.sqladmin_api"
          ]
        }
      ]
    },
    {
      "mode": "managed",
      "type": "google_cloud_run_v2_job",
      "name": "create_superuser",
      "provider": "provider[\"registry.terraform.io/hashicorp/google\"]",
      "instances": [
        {
          "schema_version": 0,
          "attributes": {
            "annotations": {},
            "binary_authorization": [],
            "client": "",
            "client_version": "",
            "conditions": [],
            "create_time": "2025-05-09T17:26:05.479025Z",
            "creator": "dollob313@gmail.com",
            "delete_time": "",
            "deletion_protection": true,
            "effective_annotations": {},
            "effective_labels": {
              "goog-terraform-provisioned": "true"
            },
            "etag": "\"CKmEscEGEKiN0mg/cHJvamVjdHMvY2MtcHJvamVjdC00NTYwMDkvbG9jYXRpb25zL2V1cm9wZS1jZW50cmFsMi9qb2JzL2NyZWF0ZS1zdXBlcnVzZXI\"",
            "execution_count": 1,
            "expire_time": "",
            "generation": "2",
            "id": "projects/cc-project-456009/locations/europe-central2/jobs/create-superuser",
            "labels": {},
            "last_modifier": "01161618@pw.edu.pl",
            "latest_created_execution": [
              {
                "completion_time": "2025-05-09T17:27:03.358059Z",
                "create_time": "2025-05-09T17:26:17.129077Z",
                "name": "create-superuser-7ngd4"
              }
            ],
            "launch_stage": "GA",
            "location": "europe-central2",
            "name": "create-superuser",
            "observed_generation": "2",
            "project": "cc-project-456009",
            "reconciling": false,
            "template": [
              {
                "annotations": {},
                "labels": {},
                "parallelism": 0,
                "task_count": 1,
                "template": [
                  {
                    "containers": [
                      {
                        "args": [],
                        "command": [
                          "create_superuser"
                        ],
                        "env": [
                          {
                            "name": "APPLICATION_SETTINGS",
                            "value": "",
                            "value_source": [
                              {
                                "secret_key_ref": [
                                  {
                                    "secret": "projects/1057206008887/secrets/application_settings",
                                    "version": "2"
                                  }
                                ]
                              }
                            ]
                          },
                          {
                            "name": "DJANGO_SUPERUSER_PASSWORD",
                            "value": "",
                            "value_source": [
                              {
                                "secret_key_ref": [
                                  {
                                    "secret": "projects/1057206008887/secrets/superuser_password",
                                    "version": "2"
                                  }
                                ]
                              }
                            ]
                          }
                        ],
                        "image": "europe-central2-docker.pkg.dev/cc-project-456009/django-app/service-zosia",
                        "name": "",
                        "ports": [],
                        "resources": [
                          {
                            "limits": {
                              "cpu": "1000m",
                              "memory": "512Mi"
                            }
                          }
                        ],
                        "volume_mounts": [
                          {
                            "mount_path": "/cloudsql",
                            "name": "cloudsql"
                          }
                        ],
                        "working_dir": ""
                      }
                    ],
                    "encryption_key": "",
                    "execution_environment": "EXECUTION_ENVIRONMENT_GEN2",
                    "max_retries": 3,
                    "service_account": "django-cloudrun-sa@cc-project-456009.iam.gserviceaccount.com",
                    "timeout": "600s",
                    "volumes": [
                      {
                        "cloud_sql_instance": [
                          {
                            "instances": [
                              "cc-project-456009:europe-central2:pg-instance1"
                            ]
                          }
                        ],
                        "empty_dir": [],
                        "gcs": [],
                        "name": "cloudsql",
                        "nfs": [],
                        "secret": []
                      }
                    ],
                    "vpc_access": []
                  }
                ]
              }
            ],
            "terminal_condition": [
              {
                "execution_reason": "",
                "last_transition_time": "2025-05-09T17:26:05.865180Z",
                "message": "",
                "reason": "",
                "revision_reason": "",
                "severity": "",
                "state": "CONDITION_SUCCEEDED",
                "type": "Ready"
              }
            ],
            "terraform_labels": {
              "goog-terraform-provisioned": "true"
            },
            "timeouts": null,
            "uid": "f9632235-1bcf-4e0a-a05b-1bc42cd0ecac",
            "update_time": "2025-05-20T08:49:45.219449Z"
          },
          "sensitive_attributes": [],
          "identity_schema_version": 0,
          "private": "eyJlMmJmYjczMC1lY2FhLTExZTYtOGY4OC0zNDM2M2JjN2M0YzAiOnsiY3JlYXRlIjoxMjAwMDAwMDAwMDAwLCJkZWxldGUiOjEyMDAwMDAwMDAwMDAsInVwZGF0ZSI6MTIwMDAwMDAwMDAwMH19",
          "dependencies": [
            "data.google_client_openid_userinfo.current",
            "google_artifact_registry_repository.main",
            "google_project_iam_member.terraform_sql_admin",
            "google_project_service.required_services",
            "google_project_service.sqladmin_api",
            "google_secret_manager_secret.application_settings",
            "google_secret_manager_secret.superuser_password",
            "google_secret_manager_secret_version.application_settings",
            "google_secret_manager_secret_version.superuser_password",
            "google_service_account.django_sa",
            "google_sql_database.app_db",
            "google_sql_database_instance.postgres_instance",
            "google_sql_user.postgres_user",
            "google_storage_bucket.media_files",
            "google_storage_bucket.staticfiles",
            "random_password.django_secret_key",
            "random_password.superuser_password",
            "terraform_data.cbstg_app"
          ]
        }
      ]
    },
    {
      "mode": "managed",
      "type": "google_cloud_run_v2_job",
      "name": "migrate_collectstatic",
      "provider": "provider[\"registry.terraform.io/hashicorp/google\"]",
      "instances": [
        {
          "schema_version": 0,
          "attributes": {
            "annotations": {},
            "binary_authorization": [],
            "client": "",
            "client_version": "",
            "conditions": [],
            "create_time": "2025-05-09T17:26:05.629382Z",
            "creator": "dollob313@gmail.com",
            "delete_time": "",
            "deletion_protection": true,
            "effective_annotations": {},
            "effective_labels": {
              "goog-terraform-provisioned": "true"
            },
            "etag": "\"CKmEscEGENjb6HI/cHJvamVjdHMvY2MtcHJvamVjdC00NTYwMDkvbG9jYXRpb25zL2V1cm9wZS1jZW50cmFsMi9qb2JzL21pZ3JhdGUtY29sbGVjdHN0YXRpYw\"",
            "execution_count": 1,
            "expire_time": "",
            "generation": "2",
            "id": "projects/cc-project-456009/locations/europe-central2/jobs/migrate-collectstatic",
            "labels": {},
            "last_modifier": "01161618@pw.edu.pl",
            "latest_created_execution": [
              {
                "completion_time": "2025-05-09T17:26:59.399865Z",
                "create_time": "2025-05-09T17:26:17.147017Z",
                "name": "migrate-collectstatic-6sh4m"
              }
            ],
            "launch_stage": "GA",
            "location": "europe-central2",
            "name": "migrate-collectstatic",
            "observed_generation": "2",
            "project": "cc-project-456009",
            "reconciling": false,
            "template": [
              {
                "annotations": {},
                "labels": {},
                "parallelism": 0,
                "task_count": 1,
                "template": [
                  {
                    "containers": [
                      {
                        "args": [],
                        "command": [
                          "migrate_collectstatic"
                        ],
                        "env": [
                          {
                            "name": "APPLICATION_SETTINGS",
                            "value": "",
                            "value_source": [
                              {
                                "secret_key_ref": [
                                  {
                                    "secret": "projects/1057206008887/secrets/application_settings",
                                    "version": "2"
                                  }
                                ]
                              }
                            ]
                          }
                        ],
                        "image": "europe-central2-docker.pkg.dev/cc-project-456009/django-app/service-zosia",
                        "name": "",
                        "ports": [],
                        "resources": [
                          {
                            "limits": {
                              "cpu": "1000m",
                              "memory": "512Mi"
                            }
                          }
                        ],
                        "volume_mounts": [
                          {
                            "mount_path": "/cloudsql",
                            "name": "cloudsql"
                          }
                        ],
                        "working_dir": ""
                      }
                    ],
                    "encryption_key": "",
                    "execution_environment": "EXECUTION_ENVIRONMENT_GEN2",
                    "max_retries": 3,
                    "service_account": "django-cloudrun-sa@cc-project-456009.iam.gserviceaccount.com",
                    "timeout": "600s",
                    "volumes": [
                      {
                        "cloud_sql_instance": [
                          {
                            "instances": [
                              "cc-project-456009:europe-central2:pg-instance1"
                            ]
                          }
                        ],
                        "empty_dir": [],
                        "gcs": [],
                        "name": "cloudsql",
                        "nfs": [],
                        "secret": []
                      }
                    ],
                    "vpc_access": []
                  }
                ]
              }
            ],
            "terminal_condition": [
              {
                "execution_reason": "",
                "last_transition_time": "2025-05-09T17:26:05.926853Z",
                "message": "",
                "reason": "",
                "revision_reason": "",
                "severity": "",
                "state": "CONDITION_SUCCEEDED",
                "type": "Ready"
              }
            ],
            "terraform_labels": {
              "goog-terraform-provisioned": "true"
            },
            "timeouts": null,
            "uid": "5a207015-c170-42fc-bae2-d0b153b89031",
            "update_time": "2025-05-20T08:49:45.240791Z"
          },
          "sensitive_attributes": [],
          "identity_schema_version": 0,
          "private": "eyJlMmJmYjczMC1lY2FhLTExZTYtOGY4OC0zNDM2M2JjN2M0YzAiOnsiY3JlYXRlIjoxMjAwMDAwMDAwMDAwLCJkZWxldGUiOjEyMDAwMDAwMDAwMDAsInVwZGF0ZSI6MTIwMDAwMDAwMDAwMH19",
          "dependencies": [
            "data.google_client_openid_userinfo.current",
            "google_artifact_registry_repository.main",
            "google_project_iam_member.terraform_sql_admin",
            "google_project_service.required_services",
            "google_project_service.sqladmin_api",
            "google_secret_manager_secret.application_settings",
            "google_secret_manager_secret_version.application_settings",
            "google_service_account.django_sa",
            "google_sql_database.app_db",
            "google_sql_database_instance.postgres_instance",
            "google_sql_user.postgres_user",
            "google_storage_bucket.media_files",
            "google_storage_bucket.staticfiles",
            "random_password.django_secret_key",
            "terraform_data.cbstg_app"
          ]
        }
      ]
    },
    {
      "mode": "managed",
      "type": "google_project_iam_member",
      "name": "service_roles",
      "provider": "provider[\"registry.terraform.io/hashicorp/google\"]",
      "instances": [
        {
          "index_key": "cloudsql.client",
          "schema_version": 0,
          "attributes": {
            "condition": [],
            "etag": "BwY1jAieGA4=",
            "id": "cc-project-456009/roles/cloudsql.client/serviceAccount:django-cloudrun-sa@cc-project-456009.iam.gserviceaccount.com",
            "member": "serviceAccount:django-cloudrun-sa@cc-project-456009.iam.gserviceaccount.com",
            "project": "cc-project-456009",
            "role": "roles/cloudsql.client"
          },
          "sensitive_attributes": [],
          "identity_schema_version": 0,
          "private": "bnVsbA==",
          "dependencies": [
            "google_project_service.required_services",
            "google_project_service.sqladmin_api",
            "google_service_account.django_sa"
          ]
        },
        {
          "index_key": "run.viewer",
          "schema_version": 0,
          "attributes": {
            "condition": [],
            "etag": "BwY1jAieGA4=",
            "id": "cc-project-456009/roles/run.viewer/serviceAccount:django-cloudrun-sa@cc-project-456009.iam.gserviceaccount.com",
            "member": "serviceAccount:django-cloudrun-sa@cc-project-456009.iam.gserviceaccount.com",
            "project": "cc-project-456009",
            "role": "roles/run.viewer"
          },
          "sensitive_attributes": [],
          "identity_schema_version": 0,
          "private": "bnVsbA==",
          "dependencies": [
            "google_project_service.required_services",
            "google_project_service.sqladmin_api",
            "google_service_account.django_sa"
          ]
        }
      ]
    },
    {
      "mode": "managed",
      "type": "google_project_iam_member",
      "name": "terraform_sql_admin",
      "provider": "provider[\"registry.terraform.io/hashicorp/google\"]",
      "instances": [
        {
          "schema_version": 0,
          "attributes": {
            "condition": [],
            "etag": "BwY1jAieGA4=",
            "id": "cc-project-456009/roles/cloudsql.admin/user:01161618@pw.edu.pl",
            "member": "user:01161618@pw.edu.pl",
            "project": "cc-project-456009",
            "role": "roles/cloudsql.admin"
          },
          "sensitive_attributes": [],
          "identity_schema_version": 0,
          "private": "bnVsbA==",
          "dependencies": [
            "data.google_client_openid_userinfo.current",
            "google_project_service.sqladmin_api"
          ]
        }
      ]
    },
    {
      "mode": "managed",
      "type": "google_project_service",
      "name": "required_services",
      "provider": "provider[\"registry.terraform.io/hashicorp/google\"]",
      "instances": [
        {
          "index_key": "artifactregistry.googleapis.com",
          "schema_version": 0,
          "attributes": {
            "disable_dependent_services": null,
            "disable_on_destroy": false,
            "id": "cc-project-456009/artifactregistry.googleapis.com",
            "project": "cc-project-456009",
            "service": "artifactregistry.googleapis.com",
            "timeouts": null
          },
          "sensitive_attributes": [],
          "identity_schema_version": 0,
          "private": "eyJlMmJmYjczMC1lY2FhLTExZTYtOGY4OC0zNDM2M2JjN2M0YzAiOnsiY3JlYXRlIjoxMjAwMDAwMDAwMDAwLCJkZWxldGUiOjEyMDAwMDAwMDAwMDAsInJlYWQiOjYwMDAwMDAwMDAwMCwidXBkYXRlIjoxMjAwMDAwMDAwMDAwfX0=",
          "dependencies": [
            "google_project_service.sqladmin_api"
          ]
        },
        {
          "index_key": "cloudbuild.googleapis.com",
          "schema_version": 0,
          "attributes": {
            "disable_dependent_services": null,
            "disable_on_destroy": false,
            "id": "cc-project-456009/cloudbuild.googleapis.com",
            "project": "cc-project-456009",
            "service": "cloudbuild.googleapis.com",
            "timeouts": null
          },
          "sensitive_attributes": [],
          "identity_schema_version": 0,
          "private": "eyJlMmJmYjczMC1lY2FhLTExZTYtOGY4OC0zNDM2M2JjN2M0YzAiOnsiY3JlYXRlIjoxMjAwMDAwMDAwMDAwLCJkZWxldGUiOjEyMDAwMDAwMDAwMDAsInJlYWQiOjYwMDAwMDAwMDAwMCwidXBkYXRlIjoxMjAwMDAwMDAwMDAwfX0=",
          "dependencies": [
            "google_project_service.sqladmin_api"
          ]
        },
        {
          "index_key": "iam.googleapis.com",
          "schema_version": 0,
          "attributes": {
            "disable_dependent_services": null,
            "disable_on_destroy": false,
            "id": "cc-project-456009/iam.googleapis.com",
            "project": "cc-project-456009",
            "service": "iam.googleapis.com",
            "timeouts": null
          },
          "sensitive_attributes": [],
          "identity_schema_version": 0,
          "private": "eyJlMmJmYjczMC1lY2FhLTExZTYtOGY4OC0zNDM2M2JjN2M0YzAiOnsiY3JlYXRlIjoxMjAwMDAwMDAwMDAwLCJkZWxldGUiOjEyMDAwMDAwMDAwMDAsInJlYWQiOjYwMDAwMDAwMDAwMCwidXBkYXRlIjoxMjAwMDAwMDAwMDAwfX0=",
          "dependencies": [
            "google_project_service.sqladmin_api"
          ]
        },
        {
          "index_key": "run.googleapis.com",
          "schema_version": 0,
          "attributes": {
            "disable_dependent_services": null,
            "disable_on_destroy": false,
            "id": "cc-project-456009/run.googleapis.com",
            "project": "cc-project-456009",
            "service": "run.googleapis.com",
            "timeouts": null
          },
          "sensitive_attributes": [],
          "identity_schema_version": 0,
          "private": "eyJlMmJmYjczMC1lY2FhLTExZTYtOGY4OC0zNDM2M2JjN2M0YzAiOnsiY3JlYXRlIjoxMjAwMDAwMDAwMDAwLCJkZWxldGUiOjEyMDAwMDAwMDAwMDAsInJlYWQiOjYwMDAwMDAwMDAwMCwidXBkYXRlIjoxMjAwMDAwMDAwMDAwfX0=",
          "dependencies": [
            "google_project_service.sqladmin_api"
          ]
        },
        {
          "index_key": "secretmanager.googleapis.com",
          "schema_version": 0,
          "attributes": {
            "disable_dependent_services": null,
            "disable_on_destroy": false,
            "id": "cc-project-456009/secretmanager.googleapis.com",
            "project": "cc-project-456009",
            "service": "secretmanager.googleapis.com",
            "timeouts": null
          },
          "sensitive_attributes": [],
          "identity_schema_version": 0,
          "private": "eyJlMmJmYjczMC1lY2FhLTExZTYtOGY4OC0zNDM2M2JjN2M0YzAiOnsiY3JlYXRlIjoxMjAwMDAwMDAwMDAwLCJkZWxldGUiOjEyMDAwMDAwMDAwMDAsInJlYWQiOjYwMDAwMDAwMDAwMCwidXBkYXRlIjoxMjAwMDAwMDAwMDAwfX0=",
          "dependencies": [
            "google_project_service.sqladmin_api"
          ]
        },
        {
          "index_key": "storage-component.googleapis.com",
          "schema_version": 0,
          "attributes": {
            "disable_dependent_services": null,
            "disable_on_destroy": false,
            "id": "cc-project-456009/storage-component.googleapis.com",
            "project": "cc-project-456009",
            "service": "storage-component.googleapis.com",
            "timeouts": null
          },
          "sensitive_attributes": [],
          "identity_schema_version": 0,
          "private": "eyJlMmJmYjczMC1lY2FhLTExZTYtOGY4OC0zNDM2M2JjN2M0YzAiOnsiY3JlYXRlIjoxMjAwMDAwMDAwMDAwLCJkZWxldGUiOjEyMDAwMDAwMDAwMDAsInJlYWQiOjYwMDAwMDAwMDAwMCwidXBkYXRlIjoxMjAwMDAwMDAwMDAwfX0=",
          "dependencies": [
            "google_project_service.sqladmin_api"
          ]
        }
      ]
    },
    {
      "mode": "managed",
      "type": "google_project_service",
      "name": "sqladmin_api",
      "provider": "provider[\"registry.terraform.io/hashicorp/google\"]",
      "instances": [
        {
          "schema_version": 0,
          "attributes": {
            "disable_dependent_services": null,
            "disable_on_destroy": false,
            "id": "cc-project-456009/sqladmin.googleapis.com",
            "project": "cc-project-456009",
            "service": "sqladmin.googleapis.com",
            "timeouts": null
          },
          "sensitive_attributes": [],
          "identity_schema_version": 0,
          "private": "eyJlMmJmYjczMC1lY2FhLTExZTYtOGY4OC0zNDM2M2JjN2M0YzAiOnsiY3JlYXRlIjoxMjAwMDAwMDAwMDAwLCJkZWxldGUiOjEyMDAwMDAwMDAwMDAsInJlYWQiOjYwMDAwMDAwMDAwMCwidXBkYXRlIjoxMjAwMDAwMDAwMDAwfX0="
        }
      ]
    },
    {
      "mode": "managed",
      "type": "google_secret_manager_secret",
      "name": "application_settings",
      "provider": "provider[\"registry.terraform.io/hashicorp/google\"]",
      "instances": [
        {
          "schema_version": 0,
          "attributes": {
            "annotations": {},
            "create_time": "2025-05-09T17:20:14.958416Z",
            "effective_annotations": {},
            "effective_labels": {
              "goog-terraform-provisioned": "true"
            },
            "expire_time": "",
            "id": "projects/1057206008887/secrets/application_settings",
            "labels": {},
            "name": "projects/1057206008887/secrets/application_settings",
            "project": "1057206008887",
            "replication": [
              {
                "auto": [
                  {
                    "customer_managed_encryption": []
                  }
                ],
                "user_managed": []
              }
            ],
            "rotation": [],
            "secret_id": "application_settings",
            "terraform_labels": {
              "goog-terraform-provisioned": "true"
            },
            "timeouts": null,
            "topics": [],
            "ttl": null,
            "version_aliases": {},
            "version_destroy_ttl": ""
          },
          "sensitive_attributes": [],
          "identity_schema_version": 0,
          "private": "eyJlMmJmYjczMC1lY2FhLTExZTYtOGY4OC0zNDM2M2JjN2M0YzAiOnsiY3JlYXRlIjoxMjAwMDAwMDAwMDAwLCJkZWxldGUiOjEyMDAwMDAwMDAwMDAsInVwZGF0ZSI6MTIwMDAwMDAwMDAwMH19",
          "dependencies": [
            "google_project_service.required_services",
            "google_project_service.sqladmin_api"
          ]
        }
      ]
    },
    {
      "mode": "managed",
      "type": "google_secret_manager_secret",
      "name": "db_password",
      "provider": "provider[\"registry.terraform.io/hashicorp/google\"]",
      "instances": [
        {
          "schema_version": 0,
          "attributes": {
            "annotations": {},
            "create_time": "2025-05-09T17:20:14.251256Z",
            "effective_annotations": {},
            "effective_labels": {
              "goog-terraform-provisioned": "true"
            },
            "expire_time": "",
            "id": "projects/1057206008887/secrets/django-db-password",
            "labels": {},
            "name": "projects/1057206008887/secrets/django-db-password",
            "project": "1057206008887",
            "replication": [
              {
                "auto": [
                  {
                    "customer_managed_encryption": []
                  }
                ],
                "user_managed": []
              }
            ],
            "rotation": [],
            "secret_id": "django-db-password",
            "terraform_labels": {
              "goog-terraform-provisioned": "true"
            },
            "timeouts": null,
            "topics": [],
            "ttl": null,
            "version_aliases": {},
            "version_destroy_ttl": ""
          },
          "sensitive_attributes": [],
          "identity_schema_version": 0,
          "private": "eyJlMmJmYjczMC1lY2FhLTExZTYtOGY4OC0zNDM2M2JjN2M0YzAiOnsiY3JlYXRlIjoxMjAwMDAwMDAwMDAwLCJkZWxldGUiOjEyMDAwMDAwMDAwMDAsInVwZGF0ZSI6MTIwMDAwMDAwMDAwMH19",
          "dependencies": [
            "google_project_service.required_services",
            "google_project_service.sqladmin_api"
          ]
        }
      ]
    },
    {
      "mode": "managed",
      "type": "google_secret_manager_secret",
      "name": "django_key",
      "provider": "provider[\"registry.terraform.io/hashicorp/google\"]",
      "instances": [
        {
          "schema_version": 0,
          "attributes": {
            "annotations": {},
            "create_time": "2025-05-09T17:20:14.252384Z",
            "effective_annotations": {},
            "effective_labels": {
              "goog-terraform-provisioned": "true"
            },
            "expire_time": "",
            "id": "projects/1057206008887/secrets/django-sa-key",
            "labels": {},
            "name": "projects/1057206008887/secrets/django-sa-key",
            "project": "1057206008887",
            "replication": [
              {
                "auto": [
                  {
                    "customer_managed_encryption": []
                  }
                ],
                "user_managed": []
              }
            ],
            "rotation": [],
            "secret_id": "django-sa-key",
            "terraform_labels": {
              "goog-terraform-provisioned": "true"
            },
            "timeouts": null,
            "topics": [],
            "ttl": null,
            "version_aliases": {},
            "version_destroy_ttl": ""
          },
          "sensitive_attributes": [],
          "identity_schema_version": 0,
          "private": "eyJlMmJmYjczMC1lY2FhLTExZTYtOGY4OC0zNDM2M2JjN2M0YzAiOnsiY3JlYXRlIjoxMjAwMDAwMDAwMDAwLCJkZWxldGUiOjEyMDAwMDAwMDAwMDAsInVwZGF0ZSI6MTIwMDAwMDAwMDAwMH19",
          "dependencies": [
            "google_project_service.required_services",
            "google_project_service.sqladmin_api"
          ]
        }
      ]
    },
    {
      "mode": "managed",
      "type": "google_secret_manager_secret",
      "name": "superuser_password",
      "provider": "provider[\"registry.terraform.io/hashicorp/google\"]",
      "instances": [
        {
          "schema_version": 0,
          "attributes": {
            "annotations": {},
            "create_time": "2025-05-09T17:20:14.355401Z",
            "effective_annotations": {},
            "effective_labels": {
              "goog-terraform-provisioned": "true"
            },
            "expire_time": "",
            "id": "projects/1057206008887/secrets/superuser_password",
            "labels": {},
            "name": "projects/1057206008887/secrets/superuser_password",
            "project": "1057206008887",
            "replication": [
              {
                "auto": [
                  {
                    "customer_managed_encryption": []
                  }
                ],
                "user_managed": []
              }
            ],
            "rotation": [],
            "secret_id": "superuser_password",
            "terraform_labels": {
              "goog-terraform-provisioned": "true"
            },
            "timeouts": null,
            "topics": [],
            "ttl": null,
            "version_aliases": {},
            "version_destroy_ttl": ""
          },
          "sensitive_attributes": [],
          "identity_schema_version": 0,
          "private": "eyJlMmJmYjczMC1lY2FhLTExZTYtOGY4OC0zNDM2M2JjN2M0YzAiOnsiY3JlYXRlIjoxMjAwMDAwMDAwMDAwLCJkZWxldGUiOjEyMDAwMDAwMDAwMDAsInVwZGF0ZSI6MTIwMDAwMDAwMDAwMH19",
          "dependencies": [
            "google_project_service.required_services",
            "google_project_service.sqladmin_api"
          ]
        }
      ]
    },
    {
      "mode": "managed",
      "type": "google_secret_manager_secret_iam_binding",
      "name": "application_settings",
      "provider": "provider[\"registry.terraform.io/hashicorp/google\"]",
      "instances": [
        {
          "schema_version": 0,
          "attributes": {
            "condition": [],
            "etag": "BwY1jCxRWis=",
            "id": "projects/1057206008887/secrets/application_settings/roles/secretmanager.secretAccessor",
            "members": [
              "serviceAccount:django-cloudrun-sa@cc-project-456009.iam.gserviceaccount.com"
            ],
            "project": "1057206008887",
            "role": "roles/secretmanager.secretAccessor",
            "secret_id": "projects/1057206008887/secrets/application_settings"
          },
          "sensitive_attributes": [],
          "identity_schema_version": 0,
          "private": "bnVsbA==",
          "dependencies": [
            "google_project_service.required_services",
            "google_project_service.sqladmin_api",
            "google_secret_manager_secret.application_settings",
            "google_service_account.django_sa"
          ]
        }
      ]
    },
    {
      "mode": "managed",
      "type": "google_secret_manager_secret_iam_binding",
      "name": "cloudrun_secret_access",
      "provider": "provider[\"registry.terraform.io/hashicorp/google\"]",
      "instances": [
        {
          "schema_version": 0,
          "attributes": {
            "condition": [],
            "etag": "BwY1jCxSFfE=",
            "id": "projects/1057206008887/secrets/django-db-password/roles/secretmanager.secretAccessor",
            "members": [
              "serviceAccount:django-cloudrun-sa@cc-project-456009.iam.gserviceaccount.com"
            ],
            "project": "1057206008887",
            "role": "roles/secretmanager.secretAccessor",
            "secret_id": "projects/1057206008887/secrets/django-db-password"
          },
          "sensitive_attributes": [],
          "identity_schema_version": 0,
          "private": "bnVsbA==",
          "dependencies": [
            "google_project_service.required_services",
            "google_project_service.sqladmin_api",
            "google_secret_manager_secret.db_password",
            "google_service_account.django_sa"
          ]
        }
      ]
    },
    {
      "mode": "managed",
      "type": "google_secret_manager_secret_iam_binding",
      "name": "django_key",
      "provider": "provider[\"registry.terraform.io/hashicorp/google\"]",
      "instances": [
        {
          "schema_version": 0,
          "attributes": {
            "condition": [],
            "etag": "BwY1jAhfrMM=",
            "id": "projects/1057206008887/secrets/django-sa-key/roles/secretmanager.secretAccessor",
            "members": [
              "serviceAccount:django-cloudrun-sa@cc-project-456009.iam.gserviceaccount.com"
            ],
            "project": "1057206008887",
            "role": "roles/secretmanager.secretAccessor",
            "secret_id": "projects/1057206008887/secrets/django-sa-key"
          },
          "sensitive_attributes": [],
          "identity_schema_version": 0,
          "private": "bnVsbA==",
          "dependencies": [
            "google_project_service.required_services",
            "google_project_service.sqladmin_api",
            "google_secret_manager_secret.django_key",
            "google_service_account.django_sa"
          ]
        }
      ]
    },
    {
      "mode": "managed",
      "type": "google_secret_manager_secret_iam_binding",
      "name": "superuser_password",
      "provider": "provider[\"registry.terraform.io/hashicorp/google\"]",
      "instances": [
        {
          "schema_version": 0,
          "attributes": {
            "condition": [],
            "etag": "BwY1jCxQXmM=",
            "id": "projects/1057206008887/secrets/superuser_password/roles/secretmanager.secretAccessor",
            "members": [
              "serviceAccount:django-cloudrun-sa@cc-project-456009.iam.gserviceaccount.com"
            ],
            "project": "1057206008887",
            "role": "roles/secretmanager.secretAccessor",
            "secret_id": "projects/1057206008887/secrets/superuser_password"
          },
          "sensitive_attributes": [],
          "identity_schema_version": 0,
          "private": "bnVsbA==",
          "dependencies": [
            "google_project_service.required_services",
            "google_project_service.sqladmin_api",
            "google_secret_manager_secret.superuser_password",
            "google_service_account.django_sa"
          ]
        }
      ]
    },
    {
      "mode": "managed",
      "type": "google_secret_manager_secret_version",
      "name": "application_settings",
      "provider": "provider[\"registry.terraform.io/hashicorp/google\"]",
      "instances": [
        {
          "schema_version": 0,
          "attributes": {
            "create_time": "2025-05-20T08:23:22.146785Z",
            "deletion_policy": "DELETE",
            "destroy_time": "",
            "enabled": true,
            "id": "projects/1057206008887/secrets/application_settings/versions/2",
            "is_secret_data_base64": false,
            "name": "projects/1057206008887/secrets/application_settings/versions/2",
            "secret": "projects/1057206008887/secrets/application_settings",
            "secret_data": "DATABASE_URL=\"postgres://django:zosia12345@//cloudsql/cc-project-456009:europe-central2:pg-instance1/django_db\"\nSTATICFILES_BUCKET_NAME=\"cc-project-456009-staticfiles\"\nMEDIAFILES_BUCKET_NAME=\"cc-project-456009-media-files\"\nSECRET_KEY=\"MDSJobigqXzXmm4zUCUOkDjFfj9QCrQ48XVdrOE4H91S9rrqkM\"\nDEBUG=on",
            "secret_data_wo": null,
            "secret_data_wo_version": 0,
            "timeouts": null,
            "version": "2"
          },
          "sensitive_attributes": [
            [
              {
                "type": "get_attr",
                "value": "secret_data"
              }
            ]
          ],
          "identity_schema_version": 0,
          "private": "eyJlMmJmYjczMC1lY2FhLTExZTYtOGY4OC0zNDM2M2JjN2M0YzAiOnsiY3JlYXRlIjoxMjAwMDAwMDAwMDAwLCJkZWxldGUiOjEyMDAwMDAwMDAwMDAsInVwZGF0ZSI6MTIwMDAwMDAwMDAwMH19",
          "dependencies": [
            "data.google_client_openid_userinfo.current",
            "google_project_iam_member.terraform_sql_admin",
            "google_project_service.required_services",
            "google_project_service.sqladmin_api",
            "google_secret_manager_secret.application_settings",
            "google_sql_database.app_db",
            "google_sql_database_instance.postgres_instance",
            "google_sql_user.postgres_user",
            "google_storage_bucket.media_files",
            "google_storage_bucket.staticfiles",
            "random_password.django_secret_key"
          ]
        }
      ]
    },
    {
      "mode": "managed",
      "type": "google_secret_manager_secret_version",
      "name": "db_password_version",
      "provider": "provider[\"registry.terraform.io/hashicorp/google\"]",
      "instances": [
        {
          "schema_version": 0,
          "attributes": {
            "create_time": "2025-05-20T07:26:56.387385Z",
            "deletion_policy": "DELETE",
            "destroy_time": "",
            "enabled": true,
            "id": "projects/1057206008887/secrets/django-db-password/versions/2",
            "is_secret_data_base64": false,
            "name": "projects/1057206008887/secrets/django-db-password/versions/2",
            "secret": "projects/1057206008887/secrets/django-db-password",
            "secret_data": null,
            "secret_data_wo": null,
            "secret_data_wo_version": 0,
            "timeouts": null,
            "version": "2"
          },
          "sensitive_attributes": [
            [
              {
                "type": "get_attr",
                "value": "secret_data"
              }
            ],
            [
              {
                "type": "get_attr",
                "value": "secret_data_wo"
              }
            ]
          ],
          "identity_schema_version": 0,
          "private": "eyJlMmJmYjczMC1lY2FhLTExZTYtOGY4OC0zNDM2M2JjN2M0YzAiOnsiY3JlYXRlIjoxMjAwMDAwMDAwMDAwLCJkZWxldGUiOjEyMDAwMDAwMDAwMDAsInVwZGF0ZSI6MTIwMDAwMDAwMDAwMH19",
          "dependencies": [
            "google_project_service.required_services",
            "google_project_service.sqladmin_api",
            "google_secret_manager_secret.db_password"
          ]
        }
      ]
    },
    {
      "mode": "managed",
      "type": "google_secret_manager_secret_version",
      "name": "django_key",
      "provider": "provider[\"registry.terraform.io/hashicorp/google\"]",
      "instances": [
        {
          "schema_version": 0,
          "attributes": {
            "create_time": "2025-05-20T07:17:05.186896Z",
            "deletion_policy": "DELETE",
            "destroy_time": "",
            "enabled": true,
            "id": "projects/1057206008887/secrets/django-sa-key/versions/2",
            "is_secret_data_base64": false,
            "name": "projects/1057206008887/secrets/django-sa-key/versions/2",
            "secret": "projects/1057206008887/secrets/django-sa-key",
            "secret_data": null,
            "secret_data_wo": null,
            "secret_data_wo_version": 0,
            "timeouts": null,
            "version": "2"
          },
          "sensitive_attributes": [
            [
              {
                "type": "get_attr",
                "value": "secret_data"
              }
            ],
            [
              {
                "type": "get_attr",
                "value": "secret_data_wo"
              }
            ]
          ],
          "identity_schema_version": 0,
          "private": "eyJlMmJmYjczMC1lY2FhLTExZTYtOGY4OC0zNDM2M2JjN2M0YzAiOnsiY3JlYXRlIjoxMjAwMDAwMDAwMDAwLCJkZWxldGUiOjEyMDAwMDAwMDAwMDAsInVwZGF0ZSI6MTIwMDAwMDAwMDAwMH19",
          "dependencies": [
            "google_project_service.required_services",
            "google_project_service.sqladmin_api",
            "google_secret_manager_secret.django_key",
            "google_service_account.django_sa",
            "google_service_account_key.django_key"
          ]
        }
      ]
    },
    {
      "mode": "managed",
      "type": "google_secret_manager_secret_version",
      "name": "superuser_password",
      "provider": "provider[\"registry.terraform.io/hashicorp/google\"]",
      "instances": [
        {
          "schema_version": 0,
          "attributes": {
            "create_time": "2025-05-20T07:26:55.820249Z",
            "deletion_policy": "DELETE",
            "destroy_time": "",
            "enabled": true,
            "id": "projects/1057206008887/secrets/superuser_password/versions/2",
            "is_secret_data_base64": false,
            "name": "projects/1057206008887/secrets/superuser_password/versions/2",
            "secret": "projects/1057206008887/secrets/superuser_password",
            "secret_data": "PKvpkAwyvpUx7b8OD4pvzeeYkwVeO9PQ",
            "secret_data_wo": null,
            "secret_data_wo_version": 0,
            "timeouts": null,
            "version": "2"
          },
          "sensitive_attributes": [
            [
              {
                "type": "get_attr",
                "value": "secret_data"
              }
            ]
          ],
          "identity_schema_version": 0,
          "private": "eyJlMmJmYjczMC1lY2FhLTExZTYtOGY4OC0zNDM2M2JjN2M0YzAiOnsiY3JlYXRlIjoxMjAwMDAwMDAwMDAwLCJkZWxldGUiOjEyMDAwMDAwMDAwMDAsInVwZGF0ZSI6MTIwMDAwMDAwMDAwMH19",
          "dependencies": [
            "google_project_service.required_services",
            "google_project_service.sqladmin_api",
            "google_secret_manager_secret.superuser_password",
            "random_password.superuser_password"
          ]
        }
      ]
    },
    {
      "mode": "managed",
      "type": "google_service_account",
      "name": "django_sa",
      "provider": "provider[\"registry.terraform.io/hashicorp/google\"]",
      "instances": [
        {
          "schema_version": 0,
          "attributes": {
            "account_id": "django-cloudrun-sa",
            "create_ignore_already_exists": null,
            "description": "",
            "disabled": false,
            "display_name": "Django Cloud Run Service Account",
            "email": "django-cloudrun-sa@cc-project-456009.iam.gserviceaccount.com",
            "id": "projects/cc-project-456009/serviceAccounts/django-cloudrun-sa@cc-project-456009.iam.gserviceaccount.com",
            "member": "serviceAccount:django-cloudrun-sa@cc-project-456009.iam.gserviceaccount.com",
            "name": "projects/cc-project-456009/serviceAccounts/django-cloudrun-sa@cc-project-456009.iam.gserviceaccount.com",
            "project": "cc-project-456009",
            "timeouts": null,
            "unique_id": "104974381124007358149"
          },
          "sensitive_attributes": [],
          "identity_schema_version": 0,
          "private": "eyJlMmJmYjczMC1lY2FhLTExZTYtOGY4OC0zNDM2M2JjN2M0YzAiOnsiY3JlYXRlIjozMDAwMDAwMDAwMDB9LCJzY2hlbWFfdmVyc2lvbiI6IjAifQ==",
          "dependencies": [
            "google_project_service.required_services",
            "google_project_service.sqladmin_api"
          ]
        }
      ]
    },
    {
      "mode": "managed",
      "type": "google_service_account_key",
      "name": "django_key",
      "provider": "provider[\"registry.terraform.io/hashicorp/google\"]",
      "instances": [
        {
          "schema_version": 0,
          "attributes": {
            "id": "projects/cc-project-456009/serviceAccounts/django-cloudrun-sa@cc-project-456009.iam.gserviceaccount.com/keys/c65571c1b7a2ea5afd7036f10b6baa0752db85f8",
            "keepers": {
              "last_rotation": "2025-05-20T08:49:42Z"
            },
            "key_algorithm": "KEY_ALG_RSA_2048",
            "name": "projects/cc-project-456009/serviceAccounts/django-cloudrun-sa@cc-project-456009.iam.gserviceaccount.com/keys/c65571c1b7a2ea5afd7036f10b6baa0752db85f8",
            "private_key": "ewogICJ0eXBlIjogInNlcnZpY2VfYWNjb3VudCIsCiAgInByb2plY3RfaWQiOiAiY2MtcHJvamVjdC00NTYwMDkiLAogICJwcml2YXRlX2tleV9pZCI6ICJjNjU1NzFjMWI3YTJlYTVhZmQ3MDM2ZjEwYjZiYWEwNzUyZGI4NWY4IiwKICAicHJpdmF0ZV9rZXkiOiAiLS0tLS1CRUdJTiBQUklWQVRFIEtFWS0tLS0tXG5NSUlFdlFJQkFEQU5CZ2txaGtpRzl3MEJBUUVGQUFTQ0JLY3dnZ1NqQWdFQUFvSUJBUUN3TzNCamN6K2l6cEViXG5ZUmVlRWRGdm54K0dTTnJjakJaeDdDZ0hzenBnUzQyMFhYSU45QnBHWXdubENNQzFaeXN5dUFiRjVwK0g3cWN0XG4xZTNvNUlJMytDOWxUMS93bHVhdXJsbnJqNno2RjVMdkhJeXVwNEJuZFN0N3ZVSXh0TVdqMlhlazRNMmY5eEswXG52RTF1b2ZOY1hCMUpCaGRVM2taTDhhekhFenFDQmJwQlVUb2FxeGpkb1E0WUo3Z1VkQUZTclhVNlg4WkFpaE40XG5rYzdCVkVnRUZVaEdSVFV5UFBNOU0wNS9pUWorcXlBbGVHT0RpVUFiSGR1eU9lb0wvenNRR3EraVJ0aHY5T0RxXG5rTEpuK0pMb2lFdDlySFlHKzNrQXhvbVl6U3NEWWFTVmFBaUZ1RVd2L1dTeGxzeWpYZy9wd1pkM24xSDNhaElsXG5qRzJFVGdtTEFnTUJBQUVDZ2dFQU8wVHlTbkFqTWNVWkprVWtKVVJHMUt5R2RLb2grVlNmNDlhUnErMUtMOEtaXG5PTlRJbkFyQm4zU0ZpbUxFTlA0cW1CY3VKL2FsSnBsTDNtMTVZdjhmRUdYR3d1TE1HR1VYMWgzTEhoOG5CTUZTXG42Rm9Jc21DaEhhcFpZbmRIUU9KVUtnUGthaTQwMlp6RnpNVWJvWjZUOHpjRG5tQ1BEanJuRjNtREt6eTdTNmpFXG5XcEJpOEIzbTl2QlBOdUNndy9vZUxCY20wZEg3RlVKMEsrbG0vODBKdk01aUpHT1VSTm83K2wwclRpVzB6eS9aXG5VTThTL1NJZjlyU25uMGQrNVBIT3BpZUk0QyttRldpSEpzSCtLYzlmZGVoeG56TlBCcGQvQUU0cmVjKy9yYlV1XG43YnJndExGUmFxZ3kwUVZSYWNOZ0RiT0N5UFozRUs5aGNqcGsrbldod1FLQmdRRGhPWWtrUExJTzgzUTJtOHRFXG43cWVtREVBSjhQejNQNXNWaFNITTJSS2VaWmM1TFRmcWVYUnlsTzVISmJURmdiVkhhY3lCSWIrOWhDcWI3MUFrXG5LNlkzSlc2OTByRHV0THZWM3lmNDRYbnVTSVdEZEc4TEdWRmQ3SW9BNUpMc200R1FMWFNqb0ZQc1Z3RTJFbTJGXG56ejdndTlRbFdXa2ZGS0IxUDVoZ3VlbHhhd0tCZ1FESVVCNytGZjRSSkJVOUpiR2wzTEpUZzVrdk5Eem1OL3NvXG53aTg0dWZLNys5bWhTSWsvaFN4VlFmMGRQYS9DVW5SV01Bamx0b2JkSGVIL1ZkYUdmVjdjdXFTRnZUcHVyekhKXG4vN01rSUthUFNSbGFzQW9veUtGMUlWajFMNG5TZHdMSjZRY0JubEk5aXRFVEM3dnJSOHVWYkVIVkthOGtlMTFyXG5sakpvTUVJd1lRS0JnRHQyckYyejVMTUwxZmdCQkJic0I3bFFiS3Z6UTJhb0ZYTUdGbGwyU25NbGtWcVlOTFlrXG5ZUGxMbHVtVDYvbGxlSTRsUWNncU4reDZjNkY5K3FQQ0huMWExYlVxWm1wdnIxUVZPZ0Y4em10NkhENEx4TEdpXG5lcGdZdG9ycnpsckg1OXBBRmhhSll2NzRMYXF3RE5pU1VpQ1ZscnBScys1dnpMbUlFOXdkMmFPSEFvR0FBOW5tXG5mcVFWbW1iRE1jWER3SmlacFJsbW5JMjRqZ1NOZzU4WUlWTVI0Nk5YNzgzaE5hTnQwc1hPQS8zbm55ak9xOG1JXG5va0g4SGN3eFNDTnlXR3VZbzAzRFUvN3JYSzFwbTZTYTRScnZtTm1pN3lkclNwVnc1VHVhNWp2ZnZuZ2pTWlo5XG5WLzZmUGllcEZXQ29ZRUdsSEY1VWRiQ3plVlFWMjdlcmlHMUZHSUVDZ1lFQWpKNE5nWmg5MmdzRnVKMEFITW50XG5Fb3JoNDJjbDNzNTF3YmkvdjErL1JSN09Cd2FHZjlxdGdpUU9lNSt1RVFYRFhsbVF6RWZCWm44K1V2cmpGci9jXG5kVnU4cHY4ZUpadWdSY2dTdDc0b3dSeGpBNlhaeUE5RmVZOXRBRk9UNXQrdTBVUDJFeU5rcllPSVhiTjIycmozXG5CQnh1SDRyZmFXWE9YYlFKL3hqUHVoUT1cbi0tLS0tRU5EIFBSSVZBVEUgS0VZLS0tLS1cbiIsCiAgImNsaWVudF9lbWFpbCI6ICJkamFuZ28tY2xvdWRydW4tc2FAY2MtcHJvamVjdC00NTYwMDkuaWFtLmdzZXJ2aWNlYWNjb3VudC5jb20iLAogICJjbGllbnRfaWQiOiAiMTA0OTc0MzgxMTI0MDA3MzU4MTQ5IiwKICAiYXV0aF91cmkiOiAiaHR0cHM6Ly9hY2NvdW50cy5nb29nbGUuY29tL28vb2F1dGgyL2F1dGgiLAogICJ0b2tlbl91cmkiOiAiaHR0cHM6Ly9vYXV0aDIuZ29vZ2xlYXBpcy5jb20vdG9rZW4iLAogICJhdXRoX3Byb3ZpZGVyX3g1MDlfY2VydF91cmwiOiAiaHR0cHM6Ly93d3cuZ29vZ2xlYXBpcy5jb20vb2F1dGgyL3YxL2NlcnRzIiwKICAiY2xpZW50X3g1MDlfY2VydF91cmwiOiAiaHR0cHM6Ly93d3cuZ29vZ2xlYXBpcy5jb20vcm9ib3QvdjEvbWV0YWRhdGEveDUwOS9kamFuZ28tY2xvdWRydW4tc2ElNDBjYy1wcm9qZWN0LTQ1NjAwOS5pYW0uZ3NlcnZpY2VhY2NvdW50LmNvbSIsCiAgInVuaXZlcnNlX2RvbWFpbiI6ICJnb29nbGVhcGlzLmNvbSIKfQo=",
            "private_key_type": "TYPE_GOOGLE_CREDENTIALS_FILE",
            "public_key": "LS0tLS1CRUdJTiBDRVJUSUZJQ0FURS0tLS0tCk1JSUMvVENDQWVXZ0F3SUJBZ0lKQU83UmNYRkQyV2lUTUEwR0NTcUdTSWIzRFFFQkJRVUFNQ0F4SGpBY0JnTlYKQkFNTUZURXdORGszTkRNNE1URXlOREF3TnpNMU9ERTBPVEFnRncweU5UQTFNakF3T0RRNU5EVmFHQTg1T1RrNQpNVEl6TVRJek5UazFPVm93SURFZU1Cd0dBMVVFQXd3Vk1UQTBPVGMwTXpneE1USTBNREEzTXpVNE1UUTVNSUlCCklqQU5CZ2txaGtpRzl3MEJBUUVGQUFPQ0FROEFNSUlCQ2dLQ0FRRUFzRHR3WTNNL29zNlJHMkVYbmhIUmI1OGYKaGtqYTNJd1djZXdvQjdNNllFdU50RjF5RGZRYVJtTUo1UWpBdFdjck1yZ0d4ZWFmaCs2bkxkWHQ2T1NDTi9ndgpaVTlmOEpibXJxNVo2NCtzK2hlUzd4eU1ycWVBWjNVcmU3MUNNYlRGbzlsM3BPRE5uL2NTdEx4TmJxSHpYRndkClNRWVhWTjVHUy9Hc3h4TTZnZ1c2UVZFNkdxc1kzYUVPR0NlNEZIUUJVcTExT2wvR1FJb1RlSkhPd1ZSSUJCVkkKUmtVMU1qenpQVE5PZjRrSS9xc2dKWGhqZzRsQUd4M2Jzam5xQy84N0VCcXZva2JZYi9UZzZwQ3laL2lTNkloTApmYXgyQnZ0NUFNYUptTTByQTJHa2xXZ0loYmhGci8xa3NaYk1vMTRQNmNHWGQ1OVI5Mm9TSll4dGhFNEppd0lECkFRQUJvemd3TmpBTUJnTlZIUk1CQWY4RUFqQUFNQTRHQTFVZER3RUIvd1FFQXdJSGdEQVdCZ05WSFNVQkFmOEUKRERBS0JnZ3JCZ0VGQlFjREFqQU5CZ2txaGtpRzl3MEJBUVVGQUFPQ0FRRUFQaloyZ29HcnBjVWo0QmxVamRVaQo3a0hvSXpFTmlWejZpMVlnUXUyaEpKV3g4QkYrL2F5RCs5UVZ4QUVZS1AxL0lIL3N1YzRoNEJ3cjlPVE5ka1M4Cit2dEFpUEpjVktmaXJoVnZlalVNRjJnVktwcms0eHNLYXZMQzZ6UmQ3encwNlFERVB1Ky9Wa2FFUTBId2dENmwKY1cwR0dTKzhkZG9oK3U0Y0NpVHYrUXdZb3ExdEhKT0JZYjFlOG5ZdnVhTUVmVC9sRW1nNVZudzJEak9GdnhpNQoyQmFETStvYk81QTJ1WENjcE5wNGloVXZpTjFGUzEya25tK2tHWk5WZURPMzNOKzZBK2pQRUplcHpDTVh2anFxCmRmcmZKWW55cUlOcmRYRE1sNGtvSmplY3ZsR1FRS29ncXZwNkRYSkh3Zk1nckNTTVpSZ1ZWaFFLS2tvZ1pnU0IKUXc9PQotLS0tLUVORCBDRVJUSUZJQ0FURS0tLS0tCg==",
            "public_key_data": null,
            "public_key_type": "TYPE_X509_PEM_FILE",
            "service_account_id": "projects/cc-project-456009/serviceAccounts/django-cloudrun-sa@cc-project-456009.iam.gserviceaccount.com",
            "valid_after": "2025-05-20T08:49:45Z",
            "valid_before": "9999-12-31T23:59:59Z"
          },
          "sensitive_attributes": [
            [
              {
                "type": "get_attr",
                "value": "private_key"
              }
            ]
          ],
          "identity_schema_version": 0,
          "private": "bnVsbA==",
          "dependencies": [
            "google_project_service.required_services",
            "google_project_service.sqladmin_api",
            "google_service_account.django_sa"
          ]
        }
      ]
    },
    {
      "mode": "managed",
      "type": "google_sql_database",
      "name": "app_db",
      "provider": "provider[\"registry.terraform.io/hashicorp/google\"]",
      "instances": [
        {
          "schema_version": 0,
          "attributes": {
            "charset": "UTF8",
            "collation": "en_US.UTF8",
            "deletion_policy": "DELETE",
            "id": "projects/cc-project-456009/instances/pg-instance1/databases/django_db",
            "instance": "pg-instance1",
            "name": "django_db",
            "project": "cc-project-456009",
            "self_link": "https://sqladmin.googleapis.com/sql/v1beta4/projects/cc-project-456009/instances/pg-instance1/databases/django_db",
            "timeouts": null
          },
          "sensitive_attributes": [],
          "identity_schema_version": 0,
          "private": "eyJlMmJmYjczMC1lY2FhLTExZTYtOGY4OC0zNDM2M2JjN2M0YzAiOnsiY3JlYXRlIjoxMjAwMDAwMDAwMDAwLCJkZWxldGUiOjEyMDAwMDAwMDAwMDAsInVwZGF0ZSI6MTIwMDAwMDAwMDAwMH0sInNjaGVtYV92ZXJzaW9uIjoiMCJ9",
          "dependencies": [
            "data.google_client_openid_userinfo.current",
            "google_project_iam_member.terraform_sql_admin",
            "google_project_service.required_services",
            "google_project_service.sqladmin_api",
            "google_sql_database_instance.postgres_instance"
          ]
        }
      ]
    },
    {
      "mode": "managed",
      "type": "google_sql_database_instance",
      "name": "postgres_instance",
      "provider": "provider[\"registry.terraform.io/hashicorp/google\"]",
      "instances": [
        {
          "schema_version": 0,
          "attributes": {
            "available_maintenance_versions": [
              "POSTGRES_17_5.R20250302.00_19"
            ],
            "clone": [],
            "connection_name": "cc-project-456009:europe-central2:pg-instance1",
            "database_version": "POSTGRES_17",
            "deletion_protection": true,
            "dns_name": "",
            "dns_names": [],
            "encryption_key_name": null,
            "first_ip_address": "34.118.74.8",
            "id": "pg-instance1",
            "instance_type": "CLOUD_SQL_INSTANCE",
            "ip_address": [
              {
                "ip_address": "34.118.74.8",
                "time_to_retire": "",
                "type": "PRIMARY"
              },
              {
                "ip_address": "34.116.179.217",
                "time_to_retire": "",
                "type": "OUTGOING"
              }
            ],
            "maintenance_version": "POSTGRES_17_4.R20250302.00_10",
            "master_instance_name": "",
            "name": "pg-instance1",
            "private_ip_address": "",
            "project": "cc-project-456009",
            "psc_service_attachment_link": "",
            "public_ip_address": "34.118.74.8",
            "region": "europe-central2",
            "replica_configuration": [],
            "replica_names": [],
            "replication_cluster": [
              {
                "dr_replica": false,
                "failover_dr_replica_name": ""
              }
            ],
            "restore_backup_context": [],
            "root_password": null,
            "self_link": "https://sqladmin.googleapis.com/sql/v1beta4/projects/cc-project-456009/instances/pg-instance1",
            "server_ca_cert": [
              {
                "cert": "-----BEGIN CERTIFICATE-----\nMIIDfzCCAmegAwIBAgIBADANBgkqhkiG9w0BAQsFADB3MS0wKwYDVQQuEyQ0ZjAx\nYWRkNC05MmYxLTQxMmQtYWMzYi1hNDM1ZmU5NTAwZjkxIzAhBgNVBAMTGkdvb2ds\nZSBDbG91ZCBTUUwgU2VydmVyIENBMRQwEgYDVQQKEwtHb29nbGUsIEluYzELMAkG\nA1UEBhMCVVMwHhcNMjUwNTA3MTkyMDQ1WhcNMzUwNTA1MTkyMTQ1WjB3MS0wKwYD\nVQQuEyQ0ZjAxYWRkNC05MmYxLTQxMmQtYWMzYi1hNDM1ZmU5NTAwZjkxIzAhBgNV\nBAMTGkdvb2dsZSBDbG91ZCBTUUwgU2VydmVyIENBMRQwEgYDVQQKEwtHb29nbGUs\nIEluYzELMAkGA1UEBhMCVVMwggEiMA0GCSqGSIb3DQEBAQUAA4IBDwAwggEKAoIB\nAQCqg0JLgGTS6o7Xl7XASCibmD1KkB1FwHwth4UwyV45iHINRBtODr+rR5jDrdif\nTTXCibCbvLgcpt8cwD6UVY1tm0Bb9q1BmPkVOPuspJqL/k9mut1sHqIRYPiU1PLq\nxC9OSZP9rXwKOt/FUDYavqpioVqwnPodyQQyGKiIa6c6Yb6GD+Fr8L65LexEfToC\njlJjDOKj+Qp/bUZsWn3lIn+XB8y9OuGws8kIFjZyHn6og0zQcTf7zQ7n7yj/WrDc\njJUATpxsHvEPhBNnLiEjMjCtCATYdnFmYNNS2z6SNOyw0gAvIgz900d7KcniFEoZ\ne7x4G+2YCL1bAiQZGvC/XFupAgMBAAGjFjAUMBIGA1UdEwEB/wQIMAYBAf8CAQAw\nDQYJKoZIhvcNAQELBQADggEBACbSnuYbCPWylC4NLJgxDQ9lmvIyhRjpLDJI/J7L\nt9jhgmEv7/tDnMgRJ3WhD+E5ys6/55CthJcphx5DSXn+G0S5OqLTyv1Ezxm3eZcx\nrMioHWHoJdhUsTsKA7Nj3o9Uiemk+LYjYz4YF+ZCDuQ8KlcKe9H3JpAzWgDEAr/t\n++wh25s/3gW+cFrbceJ0EHcZhDhmQ0iMew1kp+y/ownDZCglb2GdXGjgzcjKYrK2\nr/+bkxP/spR87d7qJFMwakfX6BZu+Sa40p/mh97q1NJ3OOQJrITY6MDWqdvuwBYO\nE6e56HJgnDdUm1JTXZhTiyc09gTGSt13kTUZLi8BHieudZM=\n-----END CERTIFICATE-----",
                "common_name": "C=US,O=Google\\, Inc,CN=Google Cloud SQL Server CA,dnQualifier=4f01add4-92f1-412d-ac3b-a435fe9500f9",
                "create_time": "2025-05-07T19:20:45.395Z",
                "expiration_time": "2035-05-05T19:21:45.395Z",
                "sha1_fingerprint": "4753019cc3729a8c0739dde75d99825b99f0d727"
              }
            ],
            "service_account_email_address": "p1057206008887-kn3dqk@gcp-sa-cloud-sql.iam.gserviceaccount.com",
            "settings": [
              {
                "activation_policy": "ALWAYS",
                "active_directory_config": [],
                "advanced_machine_features": [],
                "availability_type": "ZONAL",
                "backup_configuration": [
                  {
                    "backup_retention_settings": [
                      {
                        "retained_backups": 7,
                        "retention_unit": "COUNT"
                      }
                    ],
                    "binary_log_enabled": false,
                    "enabled": false,
                    "location": "",
                    "point_in_time_recovery_enabled": false,
                    "start_time": "12:00",
                    "transaction_log_retention_days": 7
                  }
                ],
                "collation": "",
                "connection_pool_config": [],
                "connector_enforcement": "NOT_REQUIRED",
                "data_cache_config": [
                  {
                    "data_cache_enabled": false
                  }
                ],
                "database_flags": [],
                "deletion_protection_enabled": false,
                "deny_maintenance_period": [],
                "disk_autoresize": true,
                "disk_autoresize_limit": 0,
                "disk_size": 10,
                "disk_type": "PD_SSD",
                "edition": "ENTERPRISE",
                "enable_dataplex_integration": false,
                "enable_google_ml_integration": false,
                "insights_config": [],
                "ip_configuration": [
                  {
                    "allocated_ip_range": "",
                    "authorized_networks": [],
                    "custom_subject_alternative_names": [],
                    "enable_private_path_for_google_cloud_services": false,
                    "ipv4_enabled": true,
                    "private_network": "",
                    "psc_config": [],
                    "server_ca_mode": "GOOGLE_MANAGED_INTERNAL_CA",
                    "server_ca_pool": "",
                    "ssl_mode": "ALLOW_UNENCRYPTED_AND_ENCRYPTED"
                  }
                ],
                "location_preference": [
                  {
                    "follow_gae_application": "",
                    "secondary_zone": "",
                    "zone": "europe-central2-c"
                  }
                ],
                "maintenance_window": [],
                "password_validation_policy": [],
                "pricing_plan": "PER_USE",
                "retain_backups_on_delete": false,
                "sql_server_audit_config": [],
                "tier": "db-f1-micro",
                "time_zone": "",
                "user_labels": {},
                "version": 17
              }
            ],
            "timeouts": null
          },
          "sensitive_attributes": [
            [
              {
                "type": "get_attr",
                "value": "root_password"
              }
            ],
            [
              {
                "type": "get_attr",
                "value": "server_ca_cert"
              }
            ]
          ],
          "identity_schema_version": 0,
          "private": "eyJlMmJmYjczMC1lY2FhLTExZTYtOGY4OC0zNDM2M2JjN2M0YzAiOnsiY3JlYXRlIjo1NDAwMDAwMDAwMDAwLCJkZWxldGUiOjU0MDAwMDAwMDAwMDAsInVwZGF0ZSI6NTQwMDAwMDAwMDAwMH0sInNjaGVtYV92ZXJzaW9uIjoiMCJ9",
          "dependencies": [
            "data.google_client_openid_userinfo.current",
            "google_project_iam_member.terraform_sql_admin",
            "google_project_service.sqladmin_api"
          ]
        }
      ]
    },
    {
      "mode": "managed",
      "type": "google_sql_user",
      "name": "postgres_user",
      "provider": "provider[\"registry.terraform.io/hashicorp/google\"]",
      "instances": [
        {
          "schema_version": 1,
          "attributes": {
            "deletion_policy": null,
            "host": "",
            "id": "django//pg-instance1",
            "instance": "pg-instance1",
            "name": "django",
            "password": "zosia12345",
            "password_policy": [],
            "password_wo": null,
            "password_wo_version": null,
            "project": "cc-project-456009",
            "sql_server_user_details": [],
            "timeouts": null,
            "type": ""
          },
          "sensitive_attributes": [
            [
              {
                "type": "get_attr",
                "value": "password"
              }
            ]
          ],
          "identity_schema_version": 0,
          "private": "eyJlMmJmYjczMC1lY2FhLTExZTYtOGY4OC0zNDM2M2JjN2M0YzAiOnsiY3JlYXRlIjo2MDAwMDAwMDAwMDAsImRlbGV0ZSI6NjAwMDAwMDAwMDAwLCJ1cGRhdGUiOjYwMDAwMDAwMDAwMH0sInNjaGVtYV92ZXJzaW9uIjoiMSJ9",
          "dependencies": [
            "data.google_client_openid_userinfo.current",
            "google_project_iam_member.terraform_sql_admin",
            "google_project_service.required_services",
            "google_project_service.sqladmin_api",
            "google_sql_database_instance.postgres_instance"
          ]
        }
      ]
    },
    {
      "mode": "managed",
      "type": "google_storage_bucket",
      "name": "media_files",
      "provider": "provider[\"registry.terraform.io/hashicorp/google\"]",
      "instances": [
        {
          "schema_version": 3,
          "attributes": {
            "autoclass": [],
            "cors": [],
            "custom_placement_config": [],
            "default_event_based_hold": false,
            "effective_labels": {
              "goog-terraform-provisioned": "true"
            },
            "enable_object_retention": false,
            "encryption": [],
            "force_destroy": true,
            "hierarchical_namespace": [
              {
                "enabled": false
              }
            ],
            "id": "cc-project-456009-media-files",
            "labels": {},
            "lifecycle_rule": [],
            "location": "EUROPE-CENTRAL2",
            "logging": [],
            "name": "cc-project-456009-media-files",
            "project": "cc-project-456009",
            "project_number": 1057206008887,
            "public_access_prevention": "inherited",
            "requester_pays": false,
            "retention_policy": [],
            "rpo": null,
            "self_link": "https://www.googleapis.com/storage/v1/b/cc-project-456009-media-files",
            "soft_delete_policy": [
              {
                "effective_time": "2025-05-09T17:20:14.349Z",
                "retention_duration_seconds": 604800
              }
            ],
            "storage_class": "STANDARD",
            "terraform_labels": {
              "goog-terraform-provisioned": "true"
            },
            "time_created": "2025-05-09T17:20:14.349Z",
            "timeouts": null,
            "uniform_bucket_level_access": false,
            "updated": "2025-05-20T07:58:41.126Z",
            "url": "gs://cc-project-456009-media-files",
            "versioning": [],
            "website": []
          },
          "sensitive_attributes": [],
          "identity_schema_version": 0,
          "private": "eyJlMmJmYjczMC1lY2FhLTExZTYtOGY4OC0zNDM2M2JjN2M0YzAiOnsiY3JlYXRlIjo2MDAwMDAwMDAwMDAsInJlYWQiOjI0MDAwMDAwMDAwMCwidXBkYXRlIjoyNDAwMDAwMDAwMDB9LCJzY2hlbWFfdmVyc2lvbiI6IjMifQ==",
          "dependencies": [
            "google_project_service.required_services",
            "google_project_service.sqladmin_api"
          ]
        }
      ]
    },
    {
      "mode": "managed",
      "type": "google_storage_bucket",
      "name": "staticfiles",
      "provider": "provider[\"registry.terraform.io/hashicorp/google\"]",
      "instances": [
        {
          "schema_version": 3,
          "attributes": {
            "autoclass": [],
            "cors": [],
            "custom_placement_config": [],
            "default_event_based_hold": false,
            "effective_labels": {
              "goog-terraform-provisioned": "true"
            },
            "enable_object_retention": false,
            "encryption": [],
            "force_destroy": true,
            "hierarchical_namespace": [
              {
                "enabled": false
              }
            ],
            "id": "cc-project-456009-staticfiles",
            "labels": {},
            "lifecycle_rule": [],
            "location": "EUROPE-CENTRAL2",
            "logging": [],
            "name": "cc-project-456009-staticfiles",
            "project": "cc-project-456009",
            "project_number": 1057206008887,
            "public_access_prevention": "inherited",
            "requester_pays": false,
            "retention_policy": [],
            "rpo": null,
            "self_link": "https://www.googleapis.com/storage/v1/b/cc-project-456009-staticfiles",
            "soft_delete_policy": [
              {
                "effective_time": "2025-05-09T17:20:14.786Z",
                "retention_duration_seconds": 604800
              }
            ],
            "storage_class": "STANDARD",
            "terraform_labels": {
              "goog-terraform-provisioned": "true"
            },
            "time_created": "2025-05-09T17:20:14.786Z",
            "timeouts": null,
            "uniform_bucket_level_access": false,
            "updated": "2025-05-20T07:58:41.160Z",
            "url": "gs://cc-project-456009-staticfiles",
            "versioning": [],
            "website": []
          },
          "sensitive_attributes": [],
          "identity_schema_version": 0,
          "private": "eyJlMmJmYjczMC1lY2FhLTExZTYtOGY4OC0zNDM2M2JjN2M0YzAiOnsiY3JlYXRlIjo2MDAwMDAwMDAwMDAsInJlYWQiOjI0MDAwMDAwMDAwMCwidXBkYXRlIjoyNDAwMDAwMDAwMDB9LCJzY2hlbWFfdmVyc2lvbiI6IjMifQ==",
          "dependencies": [
            "google_project_service.required_services",
            "google_project_service.sqladmin_api"
          ]
        }
      ]
    },
    {
      "mode": "managed",
      "type": "google_storage_bucket_iam_binding",
      "name": "media_files",
      "provider": "provider[\"registry.terraform.io/hashicorp/google\"]",
      "instances": [
        {
          "schema_version": 0,
          "attributes": {
            "bucket": "b/cc-project-456009-media-files",
            "condition": [],
            "etag": "CAM=",
            "id": "b/cc-project-456009-media-files/roles/storage.admin",
            "members": [
              "serviceAccount:django-cloudrun-sa@cc-project-456009.iam.gserviceaccount.com"
            ],
            "role": "roles/storage.admin"
          },
          "sensitive_attributes": [],
          "identity_schema_version": 0,
          "private": "bnVsbA==",
          "dependencies": [
            "google_project_service.required_services",
            "google_project_service.sqladmin_api",
            "google_service_account.django_sa",
            "google_storage_bucket.media_files"
          ]
        }
      ]
    },
    {
      "mode": "managed",
      "type": "google_storage_bucket_iam_binding",
      "name": "staticfiles",
      "provider": "provider[\"registry.terraform.io/hashicorp/google\"]",
      "instances": [
        {
          "schema_version": 0,
          "attributes": {
            "bucket": "b/cc-project-456009-staticfiles",
            "condition": [],
            "etag": "CAM=",
            "id": "b/cc-project-456009-staticfiles/roles/storage.admin",
            "members": [
              "serviceAccount:django-cloudrun-sa@cc-project-456009.iam.gserviceaccount.com"
            ],
            "role": "roles/storage.admin"
          },
          "sensitive_attributes": [],
          "identity_schema_version": 0,
          "private": "bnVsbA==",
          "dependencies": [
            "google_project_service.required_services",
            "google_project_service.sqladmin_api",
            "google_service_account.django_sa",
            "google_storage_bucket.staticfiles"
          ]
        }
      ]
    },
    {
      "mode": "managed",
      "type": "random_password",
      "name": "django_secret_key",
      "provider": "provider[\"registry.terraform.io/hashicorp/random\"]",
      "instances": [
        {
          "schema_version": 3,
          "attributes": {
            "bcrypt_hash": "$2a$10$dszHdebJgqA9/GxA2dDsR.OPlt8XV54bD4cnsIkdQjxeitMkTkQgC",
            "id": "none",
            "keepers": null,
            "length": 50,
            "lower": true,
            "min_lower": 0,
            "min_numeric": 0,
            "min_special": 0,
            "min_upper": 0,
            "number": true,
            "numeric": true,
            "override_special": null,
            "result": "MDSJobigqXzXmm4zUCUOkDjFfj9QCrQ48XVdrOE4H91S9rrqkM",
            "special": false,
            "upper": true
          },
          "sensitive_attributes": [
            [
              {
                "type": "get_attr",
                "value": "bcrypt_hash"
              }
            ],
            [
              {
                "type": "get_attr",
                "value": "result"
              }
            ]
          ],
          "identity_schema_version": 0,
          "dependencies": [
            "google_project_service.required_services",
            "google_project_service.sqladmin_api"
          ]
        }
      ]
    },
    {
      "mode": "managed",
      "type": "random_password",
      "name": "superuser_password",
      "provider": "provider[\"registry.terraform.io/hashicorp/random\"]",
      "instances": [
        {
          "schema_version": 3,
          "attributes": {
            "bcrypt_hash": "$2a$10$uR7kzk2DA1UDs1qYVNpASuFT./si6W3xSf8Qk4E82f8/EAZ5jSeaW",
            "id": "none",
            "keepers": null,
            "length": 32,
            "lower": true,
            "min_lower": 0,
            "min_numeric": 0,
            "min_special": 0,
            "min_upper": 0,
            "number": true,
            "numeric": true,
            "override_special": null,
            "result": "PKvpkAwyvpUx7b8OD4pvzeeYkwVeO9PQ",
            "special": false,
            "upper": true
          },
          "sensitive_attributes": [
            [
              {
                "type": "get_attr",
                "value": "bcrypt_hash"
              }
            ],
            [
              {
                "type": "get_attr",
                "value": "result"
              }
            ]
          ],
          "identity_schema_version": 0,
          "dependencies": [
            "google_project_service.required_services",
            "google_project_service.sqladmin_api"
          ]
        }
      ]
    },
    {
      "mode": "managed",
      "type": "terraform_data",
      "name": "cbstg_app",
      "provider": "provider[\"terraform.io/builtin/terraform\"]",
      "instances": [
        {
          "schema_version": 0,
          "attributes": {
            "id": "8239999a-2478-b7e9-2a55-463ae5a0db3b",
            "input": null,
            "output": null,
            "triggers_replace": {
              "value": {
                "app_code": "5c688b99a0b3bf9e7789cf8c163a65e07da4377bb0eaebb8037501abe5edcf75"
              },
              "type": [
                "object",
                {
                  "app_code": "string"
                }
              ]
            }
          },
          "sensitive_attributes": [],
          "identity_schema_version": 0,
          "dependencies": [
            "google_artifact_registry_repository.main",
            "google_project_service.required_services",
            "google_project_service.sqladmin_api"
          ]
        }
      ]
    },
    {
      "mode": "managed",
      "type": "terraform_data",
      "name": "execute_create_superuser",
      "provider": "provider[\"terraform.io/builtin/terraform\"]",
      "instances": [
        {
          "status": "tainted",
          "schema_version": 0,
          "attributes": {
            "id": "b3ce31a8-d54f-f27d-923f-75a40e56b66b",
            "input": null,
            "output": null,
            "triggers_replace": null
          },
          "sensitive_attributes": [],
          "identity_schema_version": 0,
          "dependencies": [
            "data.google_client_openid_userinfo.current",
            "google_artifact_registry_repository.main",
            "google_cloud_run_v2_job.create_superuser",
            "google_project_iam_member.terraform_sql_admin",
            "google_project_service.required_services",
            "google_project_service.sqladmin_api",
            "google_secret_manager_secret.application_settings",
            "google_secret_manager_secret.superuser_password",
            "google_secret_manager_secret_version.application_settings",
            "google_secret_manager_secret_version.superuser_password",
            "google_service_account.django_sa",
            "google_sql_database.app_db",
            "google_sql_database_instance.postgres_instance",
            "google_sql_user.postgres_user",
            "google_storage_bucket.media_files",
            "google_storage_bucket.staticfiles",
            "random_password.django_secret_key",
            "random_password.superuser_password",
            "terraform_data.cbstg_app"
          ]
        }
      ]
    },
    {
      "mode": "managed",
      "type": "terraform_data",
      "name": "execute_migrate_collectstatic",
      "provider": "provider[\"terraform.io/builtin/terraform\"]",
      "instances": [
        {
          "status": "tainted",
          "schema_version": 0,
          "attributes": {
            "id": "8f84f0ac-bf7a-f7aa-9f2e-9b242f4cbfdb",
            "input": null,
            "output": null,
            "triggers_replace": null
          },
          "sensitive_attributes": [],
          "identity_schema_version": 0,
          "dependencies": [
            "data.google_client_openid_userinfo.current",
            "google_artifact_registry_repository.main",
            "google_cloud_run_v2_job.migrate_collectstatic",
            "google_project_iam_member.terraform_sql_admin",
            "google_project_service.required_services",
            "google_project_service.sqladmin_api",
            "google_secret_manager_secret.application_settings",
            "google_secret_manager_secret_version.application_settings",
            "google_service_account.django_sa",
            "google_sql_database.app_db",
            "google_sql_database_instance.postgres_instance",
            "google_sql_user.postgres_user",
            "google_storage_bucket.media_files",
            "google_storage_bucket.staticfiles",
            "random_password.django_secret_key",
            "terraform_data.cbstg_app"
          ]
        }
      ]
    }
  ],
  "check_results": null
}
